# THIS IS AN AUTOGENERATED FILE. DO NOT EDIT THIS FILE DIRECTLY.
# yarn lockfile v1


accepts@~1.3.4:
  version "1.3.4"
  resolved "http://artifactory.spotify.net/artifactory/api/npm/virtual-npm/accepts/-/accepts-1.3.4.tgz#86246758c7dd6d21a6474ff084a4740ec05eb21f"
  dependencies:
    mime-types "~2.1.16"
    negotiator "0.6.1"

ansi-escapes@^1.1.0:
  version "1.4.0"
  resolved "http://artifactory.spotify.net/artifactory/api/npm/virtual-npm/ansi-escapes/-/ansi-escapes-1.4.0.tgz#d3a8a83b319aa67793662b13e761c7911422306e"

ansi-regex@^2.0.0:
  version "2.1.1"
  resolved "http://artifactory.spotify.net/artifactory/api/npm/virtual-npm/ansi-regex/-/ansi-regex-2.1.1.tgz#c3b33ab5ee360d86e0e628f0468ae7ef27d654df"

ansi-styles@^2.2.1:
  version "2.2.1"
  resolved "http://artifactory.spotify.net/artifactory/api/npm/virtual-npm/ansi-styles/-/ansi-styles-2.2.1.tgz#b432dd3358b634cf75e1e4664368240533c1ddbe"

array-flatten@1.1.1:
  version "1.1.1"
  resolved "http://artifactory.spotify.net/artifactory/api/npm/virtual-npm/array-flatten/-/array-flatten-1.1.1.tgz#9a5f699051b1e7073328f2a008968b64ea2955d2"

async@2.0.0:
  version "2.0.0"
  resolved "http://artifactory.spotify.net/artifactory/api/npm/virtual-npm/async/-/async-2.0.0.tgz#d0900ad385af13804540a109c42166e3ae7b2b9d"
  dependencies:
    lodash "^4.8.0"

base64id@0.1.0:
  version "0.1.0"
  resolved "http://artifactory.spotify.net/artifactory/api/npm/virtual-npm/base64id/-/base64id-0.1.0.tgz#02ce0fdeee0cef4f40080e1e73e834f0b1bfce3f"

base64url@2.0.0, base64url@^2.0.0:
  version "2.0.0"
  resolved "http://artifactory.spotify.net/artifactory/api/npm/virtual-npm/base64url/-/base64url-2.0.0.tgz#eac16e03ea1438eff9423d69baa36262ed1f70bb"

body-parser@1.18.2:
  version "1.18.2"
  resolved "http://artifactory.spotify.net/artifactory/api/npm/virtual-npm/body-parser/-/body-parser-1.18.2.tgz#87678a19d84b47d859b83199bd59bce222b10454"
  dependencies:
    bytes "3.0.0"
    content-type "~1.0.4"
    debug "2.6.9"
    depd "~1.1.1"
    http-errors "~1.6.2"
    iconv-lite "0.4.19"
    on-finished "~2.3.0"
    qs "6.5.1"
    raw-body "2.3.2"
    type-is "~1.6.15"

buffer-equal-constant-time@1.0.1:
  version "1.0.1"
  resolved "http://artifactory.spotify.net/artifactory/api/npm/virtual-npm/buffer-equal-constant-time/-/buffer-equal-constant-time-1.0.1.tgz#f8e71132f7ffe6e01a5c9697a4c6f3e48d5cc819"

bytes@3.0.0:
  version "3.0.0"
  resolved "http://artifactory.spotify.net/artifactory/api/npm/virtual-npm/bytes/-/bytes-3.0.0.tgz#d32815404d689699f85a4ea4fa8755dd13a96048"

chalk@^1.0.0:
  version "1.1.3"
  resolved "http://artifactory.spotify.net/artifactory/api/npm/virtual-npm/chalk/-/chalk-1.1.3.tgz#a8115c55e4a702fe4d150abd3872822a7e09fc98"
  dependencies:
    ansi-styles "^2.2.1"
    escape-string-regexp "^1.0.2"
    has-ansi "^2.0.0"
    strip-ansi "^3.0.0"
    supports-color "^2.0.0"

cli-cursor@^1.0.1:
  version "1.0.2"
  resolved "http://artifactory.spotify.net/artifactory/api/npm/virtual-npm/cli-cursor/-/cli-cursor-1.0.2.tgz#64da3f7d56a54412e59794bd62dc35295e8f2987"
  dependencies:
    restore-cursor "^1.0.1"

cli-width@^2.0.0:
  version "2.2.0"
  resolved "http://artifactory.spotify.net/artifactory/api/npm/virtual-npm/cli-width/-/cli-width-2.2.0.tgz#ff19ede8a9a5e579324147b0c11f0fbcbabed639"

code-point-at@^1.0.0:
  version "1.1.0"
  resolved "http://artifactory.spotify.net/artifactory/api/npm/virtual-npm/code-point-at/-/code-point-at-1.1.0.tgz#0d070b4d043a5bea33a2f1a40e2edb3d9a4ccf77"

component-emitter@1.2.1:
  version "1.2.1"
  resolved "http://artifactory.spotify.net/artifactory/api/npm/virtual-npm/component-emitter/-/component-emitter-1.2.1.tgz#137918d6d78283f7df7a6b7c5a63e140e69425e6"

concat-stream@^1.4.7:
  version "1.6.0"
  resolved "http://artifactory.spotify.net/artifactory/api/npm/virtual-npm/concat-stream/-/concat-stream-1.6.0.tgz#0aac662fd52be78964d5532f694784e70110acf7"
  dependencies:
    inherits "^2.0.3"
    readable-stream "^2.2.2"
    typedarray "^0.0.6"

content-disposition@0.5.2:
  version "0.5.2"
  resolved "http://artifactory.spotify.net/artifactory/api/npm/virtual-npm/content-disposition/-/content-disposition-0.5.2.tgz#0cf68bb9ddf5f2be7961c3a85178cb85dba78cb4"

content-type@~1.0.4:
  version "1.0.4"
  resolved "http://artifactory.spotify.net/artifactory/api/npm/virtual-npm/content-type/-/content-type-1.0.4.tgz#e138cc75e040c727b1966fe5e5f8c9aee256fe3b"

cookie-signature@1.0.6:
  version "1.0.6"
  resolved "http://artifactory.spotify.net/artifactory/api/npm/virtual-npm/cookie-signature/-/cookie-signature-1.0.6.tgz#e303a882b342cc3ee8ca513a79999734dab3ae2c"

cookie@0.3.1:
  version "0.3.1"
  resolved "http://artifactory.spotify.net/artifactory/api/npm/virtual-npm/cookie/-/cookie-0.3.1.tgz#e7e0a1f9ef43b4c8ba925c5c5a96e806d16873bb"

core-util-is@~1.0.0:
  version "1.0.2"
  resolved "http://artifactory.spotify.net/artifactory/api/npm/virtual-npm/core-util-is/-/core-util-is-1.0.2.tgz#b5fd54220aa2bc5ab57aab7140c940754503c1a7"

debug@2.6.9:
  version "2.6.9"
  resolved "http://artifactory.spotify.net/artifactory/api/npm/virtual-npm/debug/-/debug-2.6.9.tgz#5d128515df134ff327e90a4c93f4e077a536341f"
  dependencies:
    ms "2.0.0"

depd@1.1.1, depd@~1.1.1:
  version "1.1.1"
  resolved "http://artifactory.spotify.net/artifactory/api/npm/virtual-npm/depd/-/depd-1.1.1.tgz#5783b4e1c459f06fa5ca27f991f3d06e7a310359"

destroy@~1.0.4:
  version "1.0.4"
  resolved "http://artifactory.spotify.net/artifactory/api/npm/virtual-npm/destroy/-/destroy-1.0.4.tgz#978857442c44749e4206613e37946205826abd80"

double-ended-queue@^2.1.0-0:
  version "2.1.0-0"
  resolved "http://artifactory.spotify.net/artifactory/api/npm/virtual-npm/double-ended-queue/-/double-ended-queue-2.1.0-0.tgz#103d3527fd31528f40188130c841efdd78264e5c"

ecdsa-sig-formatter@1.0.9:
  version "1.0.9"
  resolved "http://artifactory.spotify.net/artifactory/api/npm/virtual-npm/ecdsa-sig-formatter/-/ecdsa-sig-formatter-1.0.9.tgz#4bc926274ec3b5abb5016e7e1d60921ac262b2a1"
  dependencies:
    base64url "^2.0.0"
    safe-buffer "^5.0.1"

ee-first@1.1.1:
  version "1.1.1"
  resolved "http://artifactory.spotify.net/artifactory/api/npm/virtual-npm/ee-first/-/ee-first-1.1.1.tgz#590c61156b0ae2f4f0255732a158b266bc56b21d"

encodeurl@~1.0.1:
  version "1.0.1"
  resolved "http://artifactory.spotify.net/artifactory/api/npm/virtual-npm/encodeurl/-/encodeurl-1.0.1.tgz#79e3d58655346909fe6f0f45a5de68103b294d20"

escape-html@~1.0.3:
  version "1.0.3"
  resolved "http://artifactory.spotify.net/artifactory/api/npm/virtual-npm/escape-html/-/escape-html-1.0.3.tgz#0258eae4d3d0c0974de1c169188ef0051d1d1988"

escape-string-regexp@^1.0.2, escape-string-regexp@^1.0.5:
  version "1.0.5"
  resolved "http://artifactory.spotify.net/artifactory/api/npm/virtual-npm/escape-string-regexp/-/escape-string-regexp-1.0.5.tgz#1b61c0562190a8dff6ae3bb2cf0200ca130b86d4"

etag@~1.8.1:
  version "1.8.1"
  resolved "http://artifactory.spotify.net/artifactory/api/npm/virtual-npm/etag/-/etag-1.8.1.tgz#41ae2eeb65efa62268aebfea83ac7d79299b0887"

exit-hook@^1.0.0:
  version "1.1.1"
  resolved "http://artifactory.spotify.net/artifactory/api/npm/virtual-npm/exit-hook/-/exit-hook-1.1.1.tgz#f05ca233b48c05d54fff07765df8507e95c02ff8"

expirymanager@~0.9.3:
  version "0.9.3"
  resolved "http://artifactory.spotify.net/artifactory/api/npm/virtual-npm/expirymanager/-/expirymanager-0.9.3.tgz#e5f6b3ba00d8d76cf63311c2b71d7dfc9bde3e4f"

express@4.16.2:
  version "4.16.2"
  resolved "http://artifactory.spotify.net/artifactory/api/npm/virtual-npm/express/-/express-4.16.2.tgz#e35c6dfe2d64b7dca0a5cd4f21781be3299e076c"
  dependencies:
    accepts "~1.3.4"
    array-flatten "1.1.1"
    body-parser "1.18.2"
    content-disposition "0.5.2"
    content-type "~1.0.4"
    cookie "0.3.1"
    cookie-signature "1.0.6"
    debug "2.6.9"
    depd "~1.1.1"
    encodeurl "~1.0.1"
    escape-html "~1.0.3"
    etag "~1.8.1"
    finalhandler "1.1.0"
    fresh "0.5.2"
    merge-descriptors "1.0.1"
    methods "~1.1.2"
    on-finished "~2.3.0"
    parseurl "~1.3.2"
    path-to-regexp "0.1.7"
    proxy-addr "~2.0.2"
    qs "6.5.1"
    range-parser "~1.2.0"
    safe-buffer "5.1.1"
    send "0.16.1"
    serve-static "1.13.1"
    setprototypeof "1.1.0"
    statuses "~1.3.1"
    type-is "~1.6.15"
    utils-merge "1.0.1"
    vary "~1.1.2"

extend@^3.0.0:
  version "3.0.1"
  resolved "http://artifactory.spotify.net/artifactory/api/npm/virtual-npm/extend/-/extend-3.0.1.tgz#a755ea7bc1adfcc5a31ce7e762dbaadc5e636444"

external-editor@^1.0.1:
  version "1.1.1"
  resolved "http://artifactory.spotify.net/artifactory/api/npm/virtual-npm/external-editor/-/external-editor-1.1.1.tgz#12d7b0db850f7ff7e7081baf4005700060c4600b"
  dependencies:
    extend "^3.0.0"
    spawn-sync "^1.0.15"
    tmp "^0.0.29"

figures@^1.3.5:
  version "1.7.0"
  resolved "http://artifactory.spotify.net/artifactory/api/npm/virtual-npm/figures/-/figures-1.7.0.tgz#cbe1e3affcf1cd44b80cadfed28dc793a9701d2e"
  dependencies:
    escape-string-regexp "^1.0.5"
    object-assign "^4.1.0"

finalhandler@1.1.0:
  version "1.1.0"
  resolved "http://artifactory.spotify.net/artifactory/api/npm/virtual-npm/finalhandler/-/finalhandler-1.1.0.tgz#ce0b6855b45853e791b2fcc680046d88253dd7f5"
  dependencies:
    debug "2.6.9"
    encodeurl "~1.0.1"
    escape-html "~1.0.3"
    on-finished "~2.3.0"
    parseurl "~1.3.2"
    statuses "~1.3.1"
    unpipe "~1.0.0"

fleximap@~0.9.10:
  version "0.9.10"
  resolved "http://artifactory.spotify.net/artifactory/api/npm/virtual-npm/fleximap/-/fleximap-0.9.10.tgz#1aa50ff6a8fea0037cc378e38ddacc091025ac10"

forwarded@~0.1.2:
  version "0.1.2"
  resolved "http://artifactory.spotify.net/artifactory/api/npm/virtual-npm/forwarded/-/forwarded-0.1.2.tgz#98c23dab1175657b8c0573e8ceccd91b0ff18c84"

fresh@0.5.2:
  version "0.5.2"
  resolved "http://artifactory.spotify.net/artifactory/api/npm/virtual-npm/fresh/-/fresh-0.5.2.tgz#3d8cadd90d976569fa835ab1f8e4b23a105605a7"

fs-extra@2.0.0:
  version "2.0.0"
  resolved "http://artifactory.spotify.net/artifactory/api/npm/virtual-npm/fs-extra/-/fs-extra-2.0.0.tgz#337352bded4a0b714f3eb84de8cea765e9d37600"
  dependencies:
    graceful-fs "^4.1.2"
    jsonfile "^2.1.0"

graceful-fs@^4.1.2, graceful-fs@^4.1.6:
  version "4.1.11"
  resolved "http://artifactory.spotify.net/artifactory/api/npm/virtual-npm/graceful-fs/-/graceful-fs-4.1.11.tgz#0e8bdfe4d1ddb8854d64e04ea7c00e2a026e5658"

has-ansi@^2.0.0:
  version "2.0.0"
  resolved "http://artifactory.spotify.net/artifactory/api/npm/virtual-npm/has-ansi/-/has-ansi-2.0.0.tgz#34f5049ce1ecdf2b0649af3ef24e45ed35416d91"
  dependencies:
    ansi-regex "^2.0.0"

hoek@2.x.x:
  version "2.16.3"
  resolved "http://artifactory.spotify.net/artifactory/api/npm/virtual-npm/hoek/-/hoek-2.16.3.tgz#20bb7403d3cea398e91dc4710a8ff1b8274a25ed"

http-errors@1.6.2, http-errors@~1.6.2:
  version "1.6.2"
  resolved "http://artifactory.spotify.net/artifactory/api/npm/virtual-npm/http-errors/-/http-errors-1.6.2.tgz#0a002cc85707192a7e7946ceedc11155f60ec736"
  dependencies:
    depd "1.1.1"
    inherits "2.0.3"
    setprototypeof "1.0.3"
    statuses ">= 1.3.1 < 2"

iconv-lite@0.4.19:
  version "0.4.19"
  resolved "http://artifactory.spotify.net/artifactory/api/npm/virtual-npm/iconv-lite/-/iconv-lite-0.4.19.tgz#f7468f60135f5e5dad3399c0a81be9a1603a082b"

inherits@2.0.3, inherits@^2.0.3, inherits@~2.0.3:
  version "2.0.3"
  resolved "http://artifactory.spotify.net/artifactory/api/npm/virtual-npm/inherits/-/inherits-2.0.3.tgz#633c2c83e3da42a502f52466022480f4208261de"

inquirer@1.1.3:
  version "1.1.3"
  resolved "http://artifactory.spotify.net/artifactory/api/npm/virtual-npm/inquirer/-/inquirer-1.1.3.tgz#6cd2a93f709fa50779731fd2262c698155cab2fa"
  dependencies:
    ansi-escapes "^1.1.0"
    chalk "^1.0.0"
    cli-cursor "^1.0.1"
    cli-width "^2.0.0"
    external-editor "^1.0.1"
    figures "^1.3.5"
    lodash "^4.3.0"
    mute-stream "0.0.6"
    pinkie-promise "^2.0.0"
    run-async "^2.2.0"
    rx "^4.1.0"
    string-width "^1.0.1"
    strip-ansi "^3.0.0"
    through "^2.3.6"

ipaddr.js@1.5.2:
  version "1.5.2"
  resolved "http://artifactory.spotify.net/artifactory/api/npm/virtual-npm/ipaddr.js/-/ipaddr.js-1.5.2.tgz#d4b505bde9946987ccf0fc58d9010ff9607e3fa0"

is-fullwidth-code-point@^1.0.0:
  version "1.0.0"
  resolved "http://artifactory.spotify.net/artifactory/api/npm/virtual-npm/is-fullwidth-code-point/-/is-fullwidth-code-point-1.0.0.tgz#ef9e31386f031a7f0d643af82fde50c457ef00cb"
  dependencies:
    number-is-nan "^1.0.0"

is-promise@^2.1.0:
  version "2.1.0"
  resolved "http://artifactory.spotify.net/artifactory/api/npm/virtual-npm/is-promise/-/is-promise-2.1.0.tgz#79a2a9ece7f096e80f36d2b2f3bc16c1ff4bf3fa"

isarray@~1.0.0:
  version "1.0.0"
  resolved "http://artifactory.spotify.net/artifactory/api/npm/virtual-npm/isarray/-/isarray-1.0.0.tgz#bb935d48582cba168c06834957a54a3e07124f11"

isemail@1.x.x:
  version "1.2.0"
  resolved "http://artifactory.spotify.net/artifactory/api/npm/virtual-npm/isemail/-/isemail-1.2.0.tgz#be03df8cc3e29de4d2c5df6501263f1fa4595e9a"

joi@^6.10.1:
  version "6.10.1"
  resolved "http://artifactory.spotify.net/artifactory/api/npm/virtual-npm/joi/-/joi-6.10.1.tgz#4d50c318079122000fe5f16af1ff8e1917b77e06"
  dependencies:
    hoek "2.x.x"
    isemail "1.x.x"
    moment "2.x.x"
    topo "1.x.x"

jsonfile@^2.1.0:
  version "2.4.0"
  resolved "http://artifactory.spotify.net/artifactory/api/npm/virtual-npm/jsonfile/-/jsonfile-2.4.0.tgz#3736a2b428b87bbda0cc83b53fa3d633a35c2ae8"
  optionalDependencies:
    graceful-fs "^4.1.6"

jwa@^1.1.4:
  version "1.1.5"
  resolved "http://artifactory.spotify.net/artifactory/api/npm/virtual-npm/jwa/-/jwa-1.1.5.tgz#a0552ce0220742cd52e153774a32905c30e756e5"
  dependencies:
    base64url "2.0.0"
    buffer-equal-constant-time "1.0.1"
    ecdsa-sig-formatter "1.0.9"
    safe-buffer "^5.0.1"

jws@^3.1.4:
  version "3.1.4"
  resolved "http://artifactory.spotify.net/artifactory/api/npm/virtual-npm/jws/-/jws-3.1.4.tgz#f9e8b9338e8a847277d6444b1464f61880e050a2"
  dependencies:
    base64url "^2.0.0"
    jwa "^1.1.4"
    safe-buffer "^5.0.1"

lodash.clonedeep@4.5.0:
  version "4.5.0"
  resolved "http://artifactory.spotify.net/artifactory/api/npm/virtual-npm/lodash.clonedeep/-/lodash.clonedeep-4.5.0.tgz#e23f3f9c4f8fbdde872529c1071857a086e5ccef"

lodash.once@^4.0.0:
  version "4.1.1"
  resolved "http://artifactory.spotify.net/artifactory/api/npm/virtual-npm/lodash.once/-/lodash.once-4.1.1.tgz#0dd3971213c7c56df880977d504c88fb471a97ac"

lodash@4.17.4, lodash@^4.3.0, lodash@^4.8.0:
  version "4.17.4"
  resolved "http://artifactory.spotify.net/artifactory/api/npm/virtual-npm/lodash/-/lodash-4.17.4.tgz#78203a4d1c328ae1d86dca6460e369b57f4055ae"

media-typer@0.3.0:
  version "0.3.0"
  resolved "http://artifactory.spotify.net/artifactory/api/npm/virtual-npm/media-typer/-/media-typer-0.3.0.tgz#8710d7af0aa626f8fffa1ce00168545263255748"

merge-descriptors@1.0.1:
  version "1.0.1"
  resolved "http://artifactory.spotify.net/artifactory/api/npm/virtual-npm/merge-descriptors/-/merge-descriptors-1.0.1.tgz#b00aaa556dd8b44568150ec9d1b953f3f90cbb61"

methods@~1.1.2:
  version "1.1.2"
  resolved "http://artifactory.spotify.net/artifactory/api/npm/virtual-npm/methods/-/methods-1.1.2.tgz#5529a4d67654134edcc5266656835b0f851afcee"

mime-db@~1.30.0:
  version "1.30.0"
  resolved "http://artifactory.spotify.net/artifactory/api/npm/virtual-npm/mime-db/-/mime-db-1.30.0.tgz#74c643da2dd9d6a45399963465b26d5ca7d71f01"

mime-types@~2.1.15, mime-types@~2.1.16:
  version "2.1.17"
  resolved "http://artifactory.spotify.net/artifactory/api/npm/virtual-npm/mime-types/-/mime-types-2.1.17.tgz#09d7a393f03e995a79f8af857b70a9e0ab16557a"
  dependencies:
    mime-db "~1.30.0"

mime@1.4.1:
  version "1.4.1"
  resolved "http://artifactory.spotify.net/artifactory/api/npm/virtual-npm/mime/-/mime-1.4.1.tgz#121f9ebc49e3766f311a76e1fa1c8003c4b03aa6"

minimist@1.1.0:
  version "1.1.0"
  resolved "http://artifactory.spotify.net/artifactory/api/npm/virtual-npm/minimist/-/minimist-1.1.0.tgz#cdf225e8898f840a258ded44fc91776770afdc93"

minimist@^1.2.0:
  version "1.2.0"
  resolved "http://artifactory.spotify.net/artifactory/api/npm/virtual-npm/minimist/-/minimist-1.2.0.tgz#a35008b20f41383eec1fb914f4cd5df79a264284"

moment@2.x.x:
  version "2.19.1"
  resolved "http://artifactory.spotify.net/artifactory/api/npm/virtual-npm/moment/-/moment-2.19.1.tgz#56da1a2d1cbf01d38b7e1afc31c10bcfa1929167"

ms@2.0.0, ms@^2.0.0:
  version "2.0.0"
  resolved "http://artifactory.spotify.net/artifactory/api/npm/virtual-npm/ms/-/ms-2.0.0.tgz#5608aeadfc00be6c2901df5f9861788de0d597c8"

mute-stream@0.0.6:
  version "0.0.6"
  resolved "http://artifactory.spotify.net/artifactory/api/npm/virtual-npm/mute-stream/-/mute-stream-0.0.6.tgz#48962b19e169fd1dfc240b3f1e7317627bbc47db"

ncom@~1.0.1:
  version "1.0.1"
  resolved "http://artifactory.spotify.net/artifactory/api/npm/virtual-npm/ncom/-/ncom-1.0.1.tgz#1c5caf25c7821339d6df3788ec15654cf5ce1272"
  dependencies:
    sc-formatter "~3.0.1"

negotiator@0.6.1:
  version "0.6.1"
  resolved "http://artifactory.spotify.net/artifactory/api/npm/virtual-npm/negotiator/-/negotiator-0.6.1.tgz#2b327184e8992101177b28563fb5e7102acd0ca9"

number-is-nan@^1.0.0:
  version "1.0.1"
  resolved "http://artifactory.spotify.net/artifactory/api/npm/virtual-npm/number-is-nan/-/number-is-nan-1.0.1.tgz#097b602b53422a522c1afb8790318336941a011d"

object-assign@^4.1.0:
  version "4.1.1"
  resolved "http://artifactory.spotify.net/artifactory/api/npm/virtual-npm/object-assign/-/object-assign-4.1.1.tgz#2109adc7965887cfc05cbbd442cac8bfbb360863"

on-finished@~2.3.0:
  version "2.3.0"
  resolved "http://artifactory.spotify.net/artifactory/api/npm/virtual-npm/on-finished/-/on-finished-2.3.0.tgz#20f1336481b083cd75337992a16971aa2d906947"
  dependencies:
    ee-first "1.1.1"

onetime@^1.0.0:
  version "1.1.0"
  resolved "http://artifactory.spotify.net/artifactory/api/npm/virtual-npm/onetime/-/onetime-1.1.0.tgz#a1f7838f8314c516f05ecefcbc4ccfe04b4ed789"

os-shim@^0.1.2:
  version "0.1.3"
  resolved "http://artifactory.spotify.net/artifactory/api/npm/virtual-npm/os-shim/-/os-shim-0.1.3.tgz#6b62c3791cf7909ea35ed46e17658bb417cb3917"

os-tmpdir@~1.0.1:
  version "1.0.2"
  resolved "http://artifactory.spotify.net/artifactory/api/npm/virtual-npm/os-tmpdir/-/os-tmpdir-1.0.2.tgz#bbe67406c79aa85c5cfec766fe5734555dfa1274"

parseurl@~1.3.2:
  version "1.3.2"
  resolved "http://artifactory.spotify.net/artifactory/api/npm/virtual-npm/parseurl/-/parseurl-1.3.2.tgz#fc289d4ed8993119460c156253262cdc8de65bf3"

path-to-regexp@0.1.7:
  version "0.1.7"
  resolved "http://artifactory.spotify.net/artifactory/api/npm/virtual-npm/path-to-regexp/-/path-to-regexp-0.1.7.tgz#df604178005f522f15eb4490e7247a1bfaa67f8c"

pinkie-promise@^2.0.0:
  version "2.0.1"
  resolved "http://artifactory.spotify.net/artifactory/api/npm/virtual-npm/pinkie-promise/-/pinkie-promise-2.0.1.tgz#2135d6dfa7a358c069ac9b178776288228450ffa"
  dependencies:
    pinkie "^2.0.0"

pinkie@^2.0.0:
  version "2.0.4"
  resolved "http://artifactory.spotify.net/artifactory/api/npm/virtual-npm/pinkie/-/pinkie-2.0.4.tgz#72556b80cfa0d48a974e80e77248e80ed4f7f870"

process-nextick-args@~1.0.6:
  version "1.0.7"
  resolved "http://artifactory.spotify.net/artifactory/api/npm/virtual-npm/process-nextick-args/-/process-nextick-args-1.0.7.tgz#150e20b756590ad3f91093f25a4f2ad8bff30ba3"

proxy-addr@~2.0.2:
  version "2.0.2"
  resolved "http://artifactory.spotify.net/artifactory/api/npm/virtual-npm/proxy-addr/-/proxy-addr-2.0.2.tgz#6571504f47bb988ec8180253f85dd7e14952bdec"
  dependencies:
    forwarded "~0.1.2"
    ipaddr.js "1.5.2"

qs@6.5.1:
  version "6.5.1"
  resolved "http://artifactory.spotify.net/artifactory/api/npm/virtual-npm/qs/-/qs-6.5.1.tgz#349cdf6eef89ec45c12d7d5eb3fc0c870343a6d8"

random-word-by-length@^0.1.0:
  version "0.1.0"
  resolved "http://artifactory.spotify.net/artifactory/api/npm/virtual-npm/random-word-by-length/-/random-word-by-length-0.1.0.tgz#b99a3c90a20efc9d831b53ba0aef14fe2d0e63c9"
  dependencies:
    unique-random "~0.1.0"
    word-list-json "^0.2.0"

range-parser@~1.2.0:
  version "1.2.0"
  resolved "http://artifactory.spotify.net/artifactory/api/npm/virtual-npm/range-parser/-/range-parser-1.2.0.tgz#f49be6b487894ddc40dcc94a322f611092e00d5e"

raw-body@2.3.2:
  version "2.3.2"
  resolved "http://artifactory.spotify.net/artifactory/api/npm/virtual-npm/raw-body/-/raw-body-2.3.2.tgz#bcd60c77d3eb93cde0050295c3f379389bc88f89"
  dependencies:
    bytes "3.0.0"
    http-errors "1.6.2"
    iconv-lite "0.4.19"
    unpipe "1.0.0"

readable-stream@^2.2.2:
  version "2.3.3"
  resolved "http://artifactory.spotify.net/artifactory/api/npm/virtual-npm/readable-stream/-/readable-stream-2.3.3.tgz#368f2512d79f9d46fdfc71349ae7878bbc1eb95c"
  dependencies:
    core-util-is "~1.0.0"
    inherits "~2.0.3"
    isarray "~1.0.0"
    process-nextick-args "~1.0.6"
    safe-buffer "~5.1.1"
    string_decoder "~1.0.3"
    util-deprecate "~1.0.1"

redis-commands@^1.2.0:
  version "1.3.1"
  resolved "http://artifactory.spotify.net/artifactory/api/npm/virtual-npm/redis-commands/-/redis-commands-1.3.1.tgz#81d826f45fa9c8b2011f4cd7a0fe597d241d442b"

redis-parser@^2.6.0:
  version "2.6.0"
  resolved "http://artifactory.spotify.net/artifactory/api/npm/virtual-npm/redis-parser/-/redis-parser-2.6.0.tgz#52ed09dacac108f1a631c07e9b69941e7a19504b"

redis@^2.6.1:
  version "2.8.0"
  resolved "http://artifactory.spotify.net/artifactory/api/npm/virtual-npm/redis/-/redis-2.8.0.tgz#202288e3f58c49f6079d97af7a10e1303ae14b02"
  dependencies:
    double-ended-queue "^2.1.0-0"
    redis-commands "^1.2.0"
    redis-parser "^2.6.0"

restore-cursor@^1.0.1:
  version "1.0.1"
  resolved "http://artifactory.spotify.net/artifactory/api/npm/virtual-npm/restore-cursor/-/restore-cursor-1.0.1.tgz#34661f46886327fed2991479152252df92daa541"
  dependencies:
    exit-hook "^1.0.0"
    onetime "^1.0.0"

run-async@^2.2.0:
  version "2.3.0"
  resolved "http://artifactory.spotify.net/artifactory/api/npm/virtual-npm/run-async/-/run-async-2.3.0.tgz#0371ab4ae0bdd720d4166d7dfda64ff7a445a6c0"
  dependencies:
    is-promise "^2.1.0"

rx@^4.1.0:
  version "4.1.0"
  resolved "http://artifactory.spotify.net/artifactory/api/npm/virtual-npm/rx/-/rx-4.1.0.tgz#a5f13ff79ef3b740fe30aa803fb09f98805d4782"

safe-buffer@5.1.1, safe-buffer@^5.0.1, safe-buffer@~5.1.0, safe-buffer@~5.1.1:
  version "5.1.1"
  resolved "http://artifactory.spotify.net/artifactory/api/npm/virtual-npm/safe-buffer/-/safe-buffer-5.1.1.tgz#893312af69b2123def71f57889001671eeb2c853"

sc-auth@~4.1.2:
  version "4.1.2"
  resolved "http://artifactory.spotify.net/artifactory/api/npm/virtual-npm/sc-auth/-/sc-auth-4.1.2.tgz#6a11289826febe09c552e38468a22c08cef61eb9"
  dependencies:
    sc-errors "~1.3.3"
    sc-jsonwebtoken "~7.4.2"

sc-broker-cluster@~4.3.0:
  version "4.3.1"
  resolved "http://artifactory.spotify.net/artifactory/api/npm/virtual-npm/sc-broker-cluster/-/sc-broker-cluster-4.3.1.tgz#1a68940e5f95bec609afa067a3ea4754635de0e6"
  dependencies:
    async "2.0.0"
    sc-broker "~4.1.1"
    sc-channel "~1.1.0"
    sc-errors "~1.3.3"
    sc-hasher "~1.0.0"

sc-broker@~4.1.1:
  version "4.1.1"
  resolved "http://artifactory.spotify.net/artifactory/api/npm/virtual-npm/sc-broker/-/sc-broker-4.1.1.tgz#b98b012ca2448b42a204931dbb6aae63e0b14584"
  dependencies:
    expirymanager "~0.9.3"
    fleximap "~0.9.10"
    ncom "~1.0.1"
    sc-errors "~1.3.3"
    uuid "3.1.0"

sc-channel@~1.1.0:
  version "1.1.0"
  resolved "http://artifactory.spotify.net/artifactory/api/npm/virtual-npm/sc-channel/-/sc-channel-1.1.0.tgz#8058b2bd630df84888cae70dd41414eafa468a81"
  dependencies:
    component-emitter "1.2.1"

sc-errors@~1.3.3:
  version "1.3.3"
  resolved "http://artifactory.spotify.net/artifactory/api/npm/virtual-npm/sc-errors/-/sc-errors-1.3.3.tgz#c00bc4c766a970cc8d5937d08cd58e931d7dae05"

sc-formatter@~3.0.1:
  version "3.0.1"
  resolved "http://artifactory.spotify.net/artifactory/api/npm/virtual-npm/sc-formatter/-/sc-formatter-3.0.1.tgz#c8b3fec0eea51b883dbc22ddfeacb46cd0e8db6c"

sc-hasher@~1.0.0:
  version "1.0.0"
  resolved "http://artifactory.spotify.net/artifactory/api/npm/virtual-npm/sc-hasher/-/sc-hasher-1.0.0.tgz#bb22ae1f5a295b847c70aff4515536224950ff11"

sc-jsonwebtoken@~7.4.2:
  version "7.4.2"
  resolved "http://artifactory.spotify.net/artifactory/api/npm/virtual-npm/sc-jsonwebtoken/-/sc-jsonwebtoken-7.4.2.tgz#2a9f67d891e5ae83422108520b8368ae8336c749"
  dependencies:
    joi "^6.10.1"
    jws "^3.1.4"
    lodash.once "^4.0.0"
    ms "^2.0.0"
    xtend "^4.0.1"

sc-simple-broker@~2.1.0:
  version "2.1.0"
  resolved "http://artifactory.spotify.net/artifactory/api/npm/virtual-npm/sc-simple-broker/-/sc-simple-broker-2.1.0.tgz#bcdb23884038756455eb2723bdf6f551296c6eed"
  dependencies:
    sc-channel "~1.1.0"

send@0.16.1:
  version "0.16.1"
  resolved "http://artifactory.spotify.net/artifactory/api/npm/virtual-npm/send/-/send-0.16.1.tgz#a70e1ca21d1382c11d0d9f6231deb281080d7ab3"
  dependencies:
    debug "2.6.9"
    depd "~1.1.1"
    destroy "~1.0.4"
    encodeurl "~1.0.1"
    escape-html "~1.0.3"
    etag "~1.8.1"
    fresh "0.5.2"
    http-errors "~1.6.2"
    mime "1.4.1"
    ms "2.0.0"
    on-finished "~2.3.0"
    range-parser "~1.2.0"
    statuses "~1.3.1"

serve-static@1.13.1:
  version "1.13.1"
  resolved "http://artifactory.spotify.net/artifactory/api/npm/virtual-npm/serve-static/-/serve-static-1.13.1.tgz#4c57d53404a761d8f2e7c1e8a18a47dbf278a719"
  dependencies:
    encodeurl "~1.0.1"
    escape-html "~1.0.3"
    parseurl "~1.3.2"
    send "0.16.1"

setprototypeof@1.0.3:
  version "1.0.3"
  resolved "http://artifactory.spotify.net/artifactory/api/npm/virtual-npm/setprototypeof/-/setprototypeof-1.0.3.tgz#66567e37043eeb4f04d91bd658c0cbefb55b8e04"

setprototypeof@1.1.0:
  version "1.1.0"
  resolved "http://artifactory.spotify.net/artifactory/api/npm/virtual-npm/setprototypeof/-/setprototypeof-1.1.0.tgz#d0bd85536887b6fe7c0d818cb962d9d91c54e656"

socketcluster-server@~8.0.0:
  version "8.0.1"
  resolved "http://artifactory.spotify.net/artifactory/api/npm/virtual-npm/socketcluster-server/-/socketcluster-server-8.0.1.tgz#324a2c8e56b43b10265fde9f41a11f49cddcb08b"
  dependencies:
    async "2.0.0"
    base64id "0.1.0"
    component-emitter "1.2.1"
    lodash.clonedeep "4.5.0"
    sc-auth "~4.1.2"
    sc-errors "~1.3.3"
    sc-formatter "~3.0.1"
    sc-simple-broker "~2.1.0"
    uuid "3.1.0"
    uws "8.14.0"
    ws "3.1.0"

socketcluster@8.0.2:
  version "8.0.2"
  resolved "http://artifactory.spotify.net/artifactory/api/npm/virtual-npm/socketcluster/-/socketcluster-8.0.2.tgz#bd6ff9e9a9f213be38edc160f0f1f389bf22df50"
  dependencies:
    async "2.0.0"
    base64id "0.1.0"
    fs-extra "2.0.0"
    inquirer "1.1.3"
    minimist "1.1.0"
    sc-auth "~4.1.2"
    sc-broker-cluster "~4.3.0"
    sc-errors "~1.3.3"
    socketcluster-server "~8.0.0"
    uid-number "0.0.5"
    uuid "3.1.0"

spawn-sync@^1.0.15:
  version "1.0.15"
  resolved "http://artifactory.spotify.net/artifactory/api/npm/virtual-npm/spawn-sync/-/spawn-sync-1.0.15.tgz#b00799557eb7fb0c8376c29d44e8a1ea67e57476"
  dependencies:
    concat-stream "^1.4.7"
    os-shim "^0.1.2"

"statuses@>= 1.3.1 < 2":
  version "1.4.0"
  resolved "http://artifactory.spotify.net/artifactory/api/npm/virtual-npm/statuses/-/statuses-1.4.0.tgz#bb73d446da2796106efcc1b601a253d6c46bd087"

statuses@~1.3.1:
  version "1.3.1"
  resolved "http://artifactory.spotify.net/artifactory/api/npm/virtual-npm/statuses/-/statuses-1.3.1.tgz#faf51b9eb74aaef3b3acf4ad5f61abf24cb7b93e"

string-width@^1.0.1:
  version "1.0.2"
  resolved "http://artifactory.spotify.net/artifactory/api/npm/virtual-npm/string-width/-/string-width-1.0.2.tgz#118bdf5b8cdc51a2a7e70d211e07e2b0b9b107d3"
  dependencies:
    code-point-at "^1.0.0"
    is-fullwidth-code-point "^1.0.0"
    strip-ansi "^3.0.0"

string_decoder@~1.0.3:
  version "1.0.3"
  resolved "http://artifactory.spotify.net/artifactory/api/npm/virtual-npm/string_decoder/-/string_decoder-1.0.3.tgz#0fc67d7c141825de94282dd536bec6b9bce860ab"
  dependencies:
    safe-buffer "~5.1.0"

strip-ansi@^3.0.0:
  version "3.0.1"
  resolved "http://artifactory.spotify.net/artifactory/api/npm/virtual-npm/strip-ansi/-/strip-ansi-3.0.1.tgz#6a385fb8853d952d5ff05d0e8aaf94278dc63dcf"
  dependencies:
    ansi-regex "^2.0.0"

supports-color@^2.0.0:
  version "2.0.0"
  resolved "http://artifactory.spotify.net/artifactory/api/npm/virtual-npm/supports-color/-/supports-color-2.0.0.tgz#535d045ce6b6363fa40117084629995e9df324c7"

through@^2.3.6:
  version "2.3.8"
  resolved "http://artifactory.spotify.net/artifactory/api/npm/virtual-npm/through/-/through-2.3.8.tgz#0dd4c9ffaabc357960b1b724115d7e0e86a2e1f5"

tmp@^0.0.29:
  version "0.0.29"
  resolved "http://artifactory.spotify.net/artifactory/api/npm/virtual-npm/tmp/-/tmp-0.0.29.tgz#f25125ff0dd9da3ccb0c2dd371ee1288bb9128c0"
  dependencies:
    os-tmpdir "~1.0.1"

topo@1.x.x:
  version "1.1.0"
  resolved "http://artifactory.spotify.net/artifactory/api/npm/virtual-npm/topo/-/topo-1.1.0.tgz#e9d751615d1bb87dc865db182fa1ca0a5ef536d5"
  dependencies:
    hoek "2.x.x"

type-is@~1.6.15:
  version "1.6.15"
  resolved "http://artifactory.spotify.net/artifactory/api/npm/virtual-npm/type-is/-/type-is-1.6.15.tgz#cab10fb4909e441c82842eafe1ad646c81804410"
  dependencies:
    media-typer "0.3.0"
    mime-types "~2.1.15"

typedarray@^0.0.6:
  version "0.0.6"
  resolved "http://artifactory.spotify.net/artifactory/api/npm/virtual-npm/typedarray/-/typedarray-0.0.6.tgz#867ac74e3864187b1d3d47d996a78ec5c8830777"

uid-number@0.0.5:
  version "0.0.5"
  resolved "http://artifactory.spotify.net/artifactory/api/npm/virtual-npm/uid-number/-/uid-number-0.0.5.tgz#5a3db23ef5dbd55b81fce0ec9a2ac6fccdebb81e"

ultron@~1.1.0:
  version "1.1.0"
  resolved "http://artifactory.spotify.net/artifactory/api/npm/virtual-npm/ultron/-/ultron-1.1.0.tgz#b07a2e6a541a815fc6a34ccd4533baec307ca864"

unique-random@~0.1.0:
  version "0.1.1"
  resolved "http://artifactory.spotify.net/artifactory/api/npm/virtual-npm/unique-random/-/unique-random-0.1.1.tgz#c4ccaabedaab8534e0f54daf5f10743ee5c692ad"

unpipe@1.0.0, unpipe@~1.0.0:
  version "1.0.0"
  resolved "http://artifactory.spotify.net/artifactory/api/npm/virtual-npm/unpipe/-/unpipe-1.0.0.tgz#b2bf4ee8514aae6165b4817829d21b2ef49904ec"

util-deprecate@~1.0.1:
  version "1.0.2"
  resolved "http://artifactory.spotify.net/artifactory/api/npm/virtual-npm/util-deprecate/-/util-deprecate-1.0.2.tgz#450d4dc9fa70de732762fbd2d4a28981419a0ccf"

utils-merge@1.0.1:
  version "1.0.1"
  resolved "http://artifactory.spotify.net/artifactory/api/npm/virtual-npm/utils-merge/-/utils-merge-1.0.1.tgz#9f95710f50a267947b2ccc124741c1028427e713"

uuid@3.1.0:
  version "3.1.0"
  resolved "http://artifactory.spotify.net/artifactory/api/npm/virtual-npm/uuid/-/uuid-3.1.0.tgz#3dd3d3e790abc24d7b0d3a034ffababe28ebbc04"

uws@8.14.0:
  version "8.14.0"
  resolved "http://artifactory.spotify.net/artifactory/api/npm/virtual-npm/uws/-/uws-8.14.0.tgz#acc1488d13ecb23fe2f942a7eafb06681fa91431"

vary@~1.1.2:
  version "1.1.2"
  resolved "http://artifactory.spotify.net/artifactory/api/npm/virtual-npm/vary/-/vary-1.1.2.tgz#2299f02c6ded30d4a5961b0b9f74524a18f634fc"

word-list-json@^0.2.0:
  version "0.2.0"
  resolved "http://artifactory.spotify.net/artifactory/api/npm/virtual-npm/word-list-json/-/word-list-json-0.2.0.tgz#b8d2c934e9129bffb0e48f64af71020691f78a1f"

ws@3.1.0:
  version "3.1.0"
  resolved "http://artifactory.spotify.net/artifactory/api/npm/virtual-npm/ws/-/ws-3.1.0.tgz#8afafecdeab46d572e5397ee880739367aa2f41c"
  dependencies:
    safe-buffer "~5.1.0"
    ultron "~1.1.0"

xtend@^4.0.1:
  version "4.0.1"
  resolved "http://artifactory.spotify.net/artifactory/api/npm/virtual-npm/xtend/-/xtend-4.0.1.tgz#a5c6d532be656e23db820efb943a1f04998d63af"
